
Microsoft Visual Studio Solution File, Format Version 11.00
# Visual Studio 2010
Project("{2150E333-8FDC-42A3-9474-1A3956D46DE8}") = "01_Client", "01_Client", "{83A1656D-C8BB-4CDF-91E4-AFFB92FA4E78}"
EndProject
Project("{2150E333-8FDC-42A3-9474-1A3956D46DE8}") = "02_Hosting", "02_Hosting", "{001572BD-59F8-4B7E-AC31-E13485CDD46E}"
EndProject
Project("{2150E333-8FDC-42A3-9474-1A3956D46DE8}") = "03_Domain", "03_Domain", "{0AE2926E-D8D1-49E7-9183-34DD835C92AD}"
EndProject
Project("{2150E333-8FDC-42A3-9474-1A3956D46DE8}") = "04_Infrastructure", "04_Infrastructure", "{4AB22189-E86F-4009-95D8-B45CE28A1EF0}"
EndProject
Project("{2150E333-8FDC-42A3-9474-1A3956D46DE8}") = "05_Tests", "05_Tests", "{613231AD-F5AC-4931-B0F7-316130FAB644}"
EndProject
Project("{2150E333-8FDC-42A3-9474-1A3956D46DE8}") = "06_ReferenceLibs", "06_ReferenceLibs", "{17644300-0DE4-4FD9-9682-BA1B09941C13}"
EndProject
Project("{FAE04EC0-301F-11D3-BF4B-00C04F79EFBC}") = "YG.SC.Admin", "YG.SC.WebUI\YG.SC.Admin.csproj", "{7695D29D-BEF1-4B8F-842E-6C9A0AB5AEEF}"
EndProject
Project("{FAE04EC0-301F-11D3-BF4B-00C04F79EFBC}") = "YG.SC.Model", "YG.SC.Model\YG.SC.Model.csproj", "{CF0583E9-EE62-4D7D-8AA9-BD021DED19ED}"
EndProject
Project("{FAE04EC0-301F-11D3-BF4B-00C04F79EFBC}") = "YG.SC.Common", "YG.SC.Common\YG.SC.Common.csproj", "{2DA9C33C-6FB4-4C3D-81BA-5BD570FB4003}"
EndProject
Project("{FAE04EC0-301F-11D3-BF4B-00C04F79EFBC}") = "YG.SC.Security", "YG.SC.Security\YG.SC.Security.csproj", "{8664ADA1-A9B4-41DF-B751-143C41892AEF}"
EndProject
Project("{FAE04EC0-301F-11D3-BF4B-00C04F79EFBC}") = "YG.SC.Service", "YG.SC.Service\YG.SC.Service.csproj", "{CE1874DE-3903-443C-ACFB-2F5314FFDFCE}"
EndProject
Project("{FAE04EC0-301F-11D3-BF4B-00C04F79EFBC}") = "YG.SC.Common.Test", "YG.SC.Common.Test\YG.SC.Common.Test.csproj", "{CED4290B-1DC6-41CC-8D3B-695AF4C9019C}"
EndProject
Project("{FAE04EC0-301F-11D3-BF4B-00C04F79EFBC}") = "YG.SC.Service.Test", "YG.SC.Service.Test\YG.SC.Service.Test.csproj", "{BEB83551-6203-4601-A238-5728D25A905B}"
EndProject
Project("{FAE04EC0-301F-11D3-BF4B-00C04F79EFBC}") = "YG.SC.Repository.Test", "YG.SC.Repository.Test\YG.SC.Repository.Test.csproj", "{414EE242-56E8-4886-AB01-275061E00046}"
EndProject
Project("{FAE04EC0-301F-11D3-BF4B-00C04F79EFBC}") = "YG.SC.Repository", "YG.SC.Repository\YG.SC.Repository.csproj", "{B813363F-325A-4EF8-BD27-A794D75711E3}"
EndProject
Project("{FAE04EC0-301F-11D3-BF4B-00C04F79EFBC}") = "YG.SC.Controller.Test", "YG.SC.Controller.Test\YG.SC.Controller.Test.csproj", "{A9654887-53EB-431E-884A-A41B6A568A05}"
EndProject
Project("{FAE04EC0-301F-11D3-BF4B-00C04F79EFBC}") = "YG.SC.OpenShop", "YG.SC.OpenShop\YG.SC.OpenShop.csproj", "{6F9F81EE-A199-4DD9-A4D2-74E4BE54A1EC}"
EndProject
Project("{FAE04EC0-301F-11D3-BF4B-00C04F79EFBC}") = "YG.SC.DataAccess", "YG.SC.DataAccess\YG.SC.DataAccess.csproj", "{2F50F76D-B3F4-4F5C-B51D-4881C4FED704}"
EndProject
Project("{FAE04EC0-301F-11D3-BF4B-00C04F79EFBC}") = "Deepleo.Weixin.SDK", "Deepleo.Weixin.SDK\Deepleo.Weixin.SDK.csproj", "{0A49BE5C-E993-4BAE-9E57-0AE778BBD4D8}"
EndProject
Project("{FAE04EC0-301F-11D3-BF4B-00C04F79EFBC}") = "Deepleo.Web.Demo", "Deepleo.Web.Demo\Deepleo.Web.Demo.csproj", "{407E1BBC-5EAA-4621-971E-3EA9BCB20E30}"
EndProject
Project("{FAE04EC0-301F-11D3-BF4B-00C04F79EFBC}") = "YG.SC.WebCrawler", "YG.SC.WebCrawler\YG.SC.WebCrawler.csproj", "{5E686F9E-87D3-48FE-A053-3DCC3D633E5D}"
EndProject
Project("{FAE04EC0-301F-11D3-BF4B-00C04F79EFBC}") = "YG.SC.Weixin", "YG.SC.WeiXin\YG.SC.Weixin.csproj", "{DADA6B7D-0C99-402D-8DFC-4F47926B5B4F}"
EndProject
Global
	GlobalSection(SolutionConfigurationPlatforms) = preSolution
		Debug|Any CPU = Debug|Any CPU
		Release|Any CPU = Release|Any CPU
	EndGlobalSection
	GlobalSection(ProjectConfigurationPlatforms) = postSolution
		{7695D29D-BEF1-4B8F-842E-6C9A0AB5AEEF}.Debug|Any CPU.ActiveCfg = Debug|Any CPU
		{7695D29D-BEF1-4B8F-842E-6C9A0AB5AEEF}.Debug|Any CPU.Build.0 = Debug|Any CPU
		{7695D29D-BEF1-4B8F-842E-6C9A0AB5AEEF}.Release|Any CPU.ActiveCfg = Release|Any CPU
		{7695D29D-BEF1-4B8F-842E-6C9A0AB5AEEF}.Release|Any CPU.Build.0 = Release|Any CPU
		{CF0583E9-EE62-4D7D-8AA9-BD021DED19ED}.Debug|Any CPU.ActiveCfg = Debug|Any CPU
		{CF0583E9-EE62-4D7D-8AA9-BD021DED19ED}.Debug|Any CPU.Build.0 = Debug|Any CPU
		{CF0583E9-EE62-4D7D-8AA9-BD021DED19ED}.Release|Any CPU.ActiveCfg = Release|Any CPU
		{CF0583E9-EE62-4D7D-8AA9-BD021DED19ED}.Release|Any CPU.Build.0 = Release|Any CPU
		{2DA9C33C-6FB4-4C3D-81BA-5BD570FB4003}.Debug|Any CPU.ActiveCfg = Debug|Any CPU
		{2DA9C33C-6FB4-4C3D-81BA-5BD570FB4003}.Debug|Any CPU.Build.0 = Debug|Any CPU
		{2DA9C33C-6FB4-4C3D-81BA-5BD570FB4003}.Release|Any CPU.ActiveCfg = Release|Any CPU
		{2DA9C33C-6FB4-4C3D-81BA-5BD570FB4003}.Release|Any CPU.Build.0 = Release|Any CPU
		{8664ADA1-A9B4-41DF-B751-143C41892AEF}.Debug|Any CPU.ActiveCfg = Debug|Any CPU
		{8664ADA1-A9B4-41DF-B751-143C41892AEF}.Debug|Any CPU.Build.0 = Debug|Any CPU
		{8664ADA1-A9B4-41DF-B751-143C41892AEF}.Release|Any CPU.ActiveCfg = Release|Any CPU
		{8664ADA1-A9B4-41DF-B751-143C41892AEF}.Release|Any CPU.Build.0 = Release|Any CPU
		{CE1874DE-3903-443C-ACFB-2F5314FFDFCE}.Debug|Any CPU.ActiveCfg = Debug|Any CPU
		{CE1874DE-3903-443C-ACFB-2F5314FFDFCE}.Debug|Any CPU.Build.0 = Debug|Any CPU
		{CE1874DE-3903-443C-ACFB-2F5314FFDFCE}.Release|Any CPU.ActiveCfg = Release|Any CPU
		{CE1874DE-3903-443C-ACFB-2F5314FFDFCE}.Release|Any CPU.Build.0 = Release|Any CPU
		{CED4290B-1DC6-41CC-8D3B-695AF4C9019C}.Debug|Any CPU.ActiveCfg = Debug|Any CPU
		{CED4290B-1DC6-41CC-8D3B-695AF4C9019C}.Debug|Any CPU.Build.0 = Debug|Any CPU
		{CED4290B-1DC6-41CC-8D3B-695AF4C9019C}.Release|Any CPU.ActiveCfg = Release|Any CPU
		{CED4290B-1DC6-41CC-8D3B-695AF4C9019C}.Release|Any CPU.Build.0 = Release|Any CPU
		{BEB83551-6203-4601-A238-5728D25A905B}.Debug|Any CPU.ActiveCfg = Debug|Any CPU
		{BEB83551-6203-4601-A238-5728D25A905B}.Debug|Any CPU.Build.0 = Debug|Any CPU
		{BEB83551-6203-4601-A238-5728D25A905B}.Release|Any CPU.ActiveCfg = Release|Any CPU
		{BEB83551-6203-4601-A238-5728D25A905B}.Release|Any CPU.Build.0 = Release|Any CPU
		{414EE242-56E8-4886-AB01-275061E00046}.Debug|Any CPU.ActiveCfg = Debug|Any CPU
		{414EE242-56E8-4886-AB01-275061E00046}.Debug|Any CPU.Build.0 = Debug|Any CPU
		{414EE242-56E8-4886-AB01-275061E00046}.Release|Any CPU.ActiveCfg = Release|Any CPU
		{414EE242-56E8-4886-AB01-275061E00046}.Release|Any CPU.Build.0 = Release|Any CPU
		{B813363F-325A-4EF8-BD27-A794D75711E3}.Debug|Any CPU.ActiveCfg = Debug|Any CPU
		{B813363F-325A-4EF8-BD27-A794D75711E3}.Debug|Any CPU.Build.0 = Debug|Any CPU
		{B813363F-325A-4EF8-BD27-A794D75711E3}.Release|Any CPU.ActiveCfg = Release|Any CPU
		{B813363F-325A-4EF8-BD27-A794D75711E3}.Release|Any CPU.Build.0 = Release|Any CPU
		{A9654887-53EB-431E-884A-A41B6A568A05}.Debug|Any CPU.ActiveCfg = Debug|Any CPU
		{A9654887-53EB-431E-884A-A41B6A568A05}.Debug|Any CPU.Build.0 = Debug|Any CPU
		{A9654887-53EB-431E-884A-A41B6A568A05}.Release|Any CPU.ActiveCfg = Release|Any CPU
		{A9654887-53EB-431E-884A-A41B6A568A05}.Release|Any CPU.Build.0 = Release|Any CPU
		{6F9F81EE-A199-4DD9-A4D2-74E4BE54A1EC}.Debug|Any CPU.ActiveCfg = Debug|Any CPU
		{6F9F81EE-A199-4DD9-A4D2-74E4BE54A1EC}.Debug|Any CPU.Build.0 = Debug|Any CPU
		{6F9F81EE-A199-4DD9-A4D2-74E4BE54A1EC}.Release|Any CPU.ActiveCfg = Release|Any CPU
		{6F9F81EE-A199-4DD9-A4D2-74E4BE54A1EC}.Release|Any CPU.Build.0 = Release|Any CPU
		{2F50F76D-B3F4-4F5C-B51D-4881C4FED704}.Debug|Any CPU.ActiveCfg = Debug|Any CPU
		{2F50F76D-B3F4-4F5C-B51D-4881C4FED704}.Debug|Any CPU.Build.0 = Debug|Any CPU
		{2F50F76D-B3F4-4F5C-B51D-4881C4FED704}.Release|Any CPU.ActiveCfg = Release|Any CPU
		{2F50F76D-B3F4-4F5C-B51D-4881C4FED704}.Release|Any CPU.Build.0 = Release|Any CPU
		{0A49BE5C-E993-4BAE-9E57-0AE778BBD4D8}.Debug|Any CPU.ActiveCfg = Debug|Any CPU
		{0A49BE5C-E993-4BAE-9E57-0AE778BBD4D8}.Debug|Any CPU.Build.0 = Debug|Any CPU
		{0A49BE5C-E993-4BAE-9E57-0AE778BBD4D8}.Release|Any CPU.ActiveCfg = Release|Any CPU
		{0A49BE5C-E993-4BAE-9E57-0AE778BBD4D8}.Release|Any CPU.Build.0 = Release|Any CPU
		{407E1BBC-5EAA-4621-971E-3EA9BCB20E30}.Debug|Any CPU.ActiveCfg = Debug|Any CPU
		{407E1BBC-5EAA-4621-971E-3EA9BCB20E30}.Debug|Any CPU.Build.0 = Debug|Any CPU
		{407E1BBC-5EAA-4621-971E-3EA9BCB20E30}.Release|Any CPU.ActiveCfg = Release|Any CPU
		{407E1BBC-5EAA-4621-971E-3EA9BCB20E30}.Release|Any CPU.Build.0 = Release|Any CPU
		{5E686F9E-87D3-48FE-A053-3DCC3D633E5D}.Debug|Any CPU.ActiveCfg = Debug|Any CPU
		{5E686F9E-87D3-48FE-A053-3DCC3D633E5D}.Debug|Any CPU.Build.0 = Debug|Any CPU
		{5E686F9E-87D3-48FE-A053-3DCC3D633E5D}.Release|Any CPU.ActiveCfg = Release|Any CPU
		{5E686F9E-87D3-48FE-A053-3DCC3D633E5D}.Release|Any CPU.Build.0 = Release|Any CPU
		{DADA6B7D-0C99-402D-8DFC-4F47926B5B4F}.Debug|Any CPU.ActiveCfg = Debug|Any CPU
		{DADA6B7D-0C99-402D-8DFC-4F47926B5B4F}.Debug|Any CPU.Build.0 = Debug|Any CPU
		{DADA6B7D-0C99-402D-8DFC-4F47926B5B4F}.Release|Any CPU.ActiveCfg = Release|Any CPU
		{DADA6B7D-0C99-402D-8DFC-4F47926B5B4F}.Release|Any CPU.Build.0 = Release|Any CPU
	EndGlobalSection
	GlobalSection(SolutionProperties) = preSolution
		HideSolutionNode = FALSE
	EndGlobalSection
	GlobalSection(NestedProjects) = preSolution
		{7695D29D-BEF1-4B8F-842E-6C9A0AB5AEEF} = {83A1656D-C8BB-4CDF-91E4-AFFB92FA4E78}
		{6F9F81EE-A199-4DD9-A4D2-74E4BE54A1EC} = {83A1656D-C8BB-4CDF-91E4-AFFB92FA4E78}
		{5E686F9E-87D3-48FE-A053-3DCC3D633E5D} = {83A1656D-C8BB-4CDF-91E4-AFFB92FA4E78}
		{DADA6B7D-0C99-402D-8DFC-4F47926B5B4F} = {83A1656D-C8BB-4CDF-91E4-AFFB92FA4E78}
		{CF0583E9-EE62-4D7D-8AA9-BD021DED19ED} = {0AE2926E-D8D1-49E7-9183-34DD835C92AD}
		{CE1874DE-3903-443C-ACFB-2F5314FFDFCE} = {0AE2926E-D8D1-49E7-9183-34DD835C92AD}
		{B813363F-325A-4EF8-BD27-A794D75711E3} = {0AE2926E-D8D1-49E7-9183-34DD835C92AD}
		{2F50F76D-B3F4-4F5C-B51D-4881C4FED704} = {0AE2926E-D8D1-49E7-9183-34DD835C92AD}
		{0A49BE5C-E993-4BAE-9E57-0AE778BBD4D8} = {0AE2926E-D8D1-49E7-9183-34DD835C92AD}
		{407E1BBC-5EAA-4621-971E-3EA9BCB20E30} = {0AE2926E-D8D1-49E7-9183-34DD835C92AD}
		{2DA9C33C-6FB4-4C3D-81BA-5BD570FB4003} = {4AB22189-E86F-4009-95D8-B45CE28A1EF0}
		{8664ADA1-A9B4-41DF-B751-143C41892AEF} = {4AB22189-E86F-4009-95D8-B45CE28A1EF0}
		{CED4290B-1DC6-41CC-8D3B-695AF4C9019C} = {613231AD-F5AC-4931-B0F7-316130FAB644}
		{BEB83551-6203-4601-A238-5728D25A905B} = {613231AD-F5AC-4931-B0F7-316130FAB644}
		{414EE242-56E8-4886-AB01-275061E00046} = {613231AD-F5AC-4931-B0F7-316130FAB644}
		{A9654887-53EB-431E-884A-A41B6A568A05} = {613231AD-F5AC-4931-B0F7-316130FAB644}
	EndGlobalSection
EndGlobal
